
Microsoft Visual Studio Solution File, Format Version 12.00
# Visual Studio Version 16
VisualStudioVersion = 16.0.33214.272
MinimumVisualStudioVersion = 10.0.40219.1
Project("{FAE04EC0-301F-11D3-BF4B-00C04F79EFBC}") = "Data", "Data\Data.csproj", "{17C249DA-9BB8-4EC1-838F-0A353A5EE830}"
EndProject
Project("{FAE04EC0-301F-11D3-BF4B-00C04F79EFBC}") = "Model", "Model\Model.csproj", "{B2B32792-5660-4A6D-9978-C98732E13C7C}"
EndProject
Project("{FAE04EC0-301F-11D3-BF4B-00C04F79EFBC}") = "Logic", "Logic\Logic.csproj", "{8E8623F4-2A76-4BD3-979D-D2800C458C31}"
EndProject
Project("{FAE04EC0-301F-11D3-BF4B-00C04F79EFBC}") = "Utilities", "Utilities\Utilities.csproj", "{50935C21-20E6-4F1B-BBFF-B38167B6AF3E}"
EndProject
Project("{FAE04EC0-301F-11D3-BF4B-00C04F79EFBC}") = "WebApplication", "WebApplication\WebApplication.csproj", "{C5603718-0425-4BA2-B8AC-26554D16F8BC}"
EndProject
Global
	GlobalSection(SolutionConfigurationPlatforms) = preSolution
		Debug|Any CPU = Debug|Any CPU
		Release|Any CPU = Release|Any CPU
	EndGlobalSection
	GlobalSection(ProjectConfigurationPlatforms) = postSolution
		{17C249DA-9BB8-4EC1-838F-0A353A5EE830}.Debug|Any CPU.ActiveCfg = Debug|Any CPU
		{17C249DA-9BB8-4EC1-838F-0A353A5EE830}.Debug|Any CPU.Build.0 = Debug|Any CPU
		{17C249DA-9BB8-4EC1-838F-0A353A5EE830}.Release|Any CPU.ActiveCfg = Release|Any CPU
		{17C249DA-9BB8-4EC1-838F-0A353A5EE830}.Release|Any CPU.Build.0 = Release|Any CPU
		{B2B32792-5660-4A6D-9978-C98732E13C7C}.Debug|Any CPU.ActiveCfg = Debug|Any CPU
		{B2B32792-5660-4A6D-9978-C98732E13C7C}.Debug|Any CPU.Build.0 = Debug|Any CPU
		{B2B32792-5660-4A6D-9978-C98732E13C7C}.Release|Any CPU.ActiveCfg = Release|Any CPU
		{B2B32792-5660-4A6D-9978-C98732E13C7C}.Release|Any CPU.Build.0 = Release|Any CPU
		{8E8623F4-2A76-4BD3-979D-D2800C458C31}.Debug|Any CPU.ActiveCfg = Debug|Any CPU
		{8E8623F4-2A76-4BD3-979D-D2800C458C31}.Debug|Any CPU.Build.0 = Debug|Any CPU
		{8E8623F4-2A76-4BD3-979D-D2800C458C31}.Release|Any CPU.ActiveCfg = Release|Any CPU
		{8E8623F4-2A76-4BD3-979D-D2800C458C31}.Release|Any CPU.Build.0 = Release|Any CPU
		{50935C21-20E6-4F1B-BBFF-B38167B6AF3E}.Debug|Any CPU.ActiveCfg = Debug|Any CPU
		{50935C21-20E6-4F1B-BBFF-B38167B6AF3E}.Debug|Any CPU.Build.0 = Debug|Any CPU
		{50935C21-20E6-4F1B-BBFF-B38167B6AF3E}.Release|Any CPU.ActiveCfg = Release|Any CPU
		{50935C21-20E6-4F1B-BBFF-B38167B6AF3E}.Release|Any CPU.Build.0 = Release|Any CPU
		{C5603718-0425-4BA2-B8AC-26554D16F8BC}.Debug|Any CPU.ActiveCfg = Debug|Any CPU
		{C5603718-0425-4BA2-B8AC-26554D16F8BC}.Debug|Any CPU.Build.0 = Debug|Any CPU
		{C5603718-0425-4BA2-B8AC-26554D16F8BC}.Release|Any CPU.ActiveCfg = Release|Any CPU
		{C5603718-0425-4BA2-B8AC-26554D16F8BC}.Release|Any CPU.Build.0 = Release|Any CPU
	EndGlobalSection
	GlobalSection(SolutionProperties) = preSolution
		HideSolutionNode = FALSE
	EndGlobalSection
	GlobalSection(ExtensibilityGlobals) = postSolution
		SolutionGuid = {A5BB579C-88D8-4323-93D2-5272E0F28C62}
	EndGlobalSection
EndGlobal
